// !$*UTF8*$!
{
	archiveVersion = 1;
	classes = {
	};
	objectVersion = 56;
	objects = {

/* Begin PBXBuildFile section */
		3665020A2AB068480081142F /* DeviceScanFinderApp.swift in Sources */ = {isa = PBXBuildFile; fileRef = 366502092AB068480081142F /* DeviceScanFinderApp.swift */; };
		3665020C2AB068480081142F /* ContentView.swift in Sources */ = {isa = PBXBuildFile; fileRef = 3665020B2AB068480081142F /* ContentView.swift */; };
		3665020E2AB0684A0081142F /* Assets.xcassets in Resources */ = {isa = PBXBuildFile; fileRef = 3665020D2AB0684A0081142F /* Assets.xcassets */; };
		366502112AB0684A0081142F /* Preview Assets.xcassets in Resources */ = {isa = PBXBuildFile; fileRef = 366502102AB0684A0081142F /* Preview Assets.xcassets */; };
		366502182AB068920081142F /* OnboardingView.swift in Sources */ = {isa = PBXBuildFile; fileRef = 366502172AB068920081142F /* OnboardingView.swift */; };
		366502202AB0A2810081142F /* PaywallView.swift in Sources */ = {isa = PBXBuildFile; fileRef = 3665021F2AB0A2810081142F /* PaywallView.swift */; };
		366502222AB0A82F0081142F /* CheckBoxView.swift in Sources */ = {isa = PBXBuildFile; fileRef = 366502212AB0A82F0081142F /* CheckBoxView.swift */; };
		366502262AB0EACD0081142F /* MainAppView.swift in Sources */ = {isa = PBXBuildFile; fileRef = 366502252AB0EACD0081142F /* MainAppView.swift */; };
		366502282AB0FE0E0081142F /* ToggleView.swift in Sources */ = {isa = PBXBuildFile; fileRef = 366502272AB0FE0D0081142F /* ToggleView.swift */; };
/* End PBXBuildFile section */

/* Begin PBXFileReference section */
		366502062AB068480081142F /* DeviceScanFinder.app */ = {isa = PBXFileReference; explicitFileType = wrapper.application; includeInIndex = 0; path = DeviceScanFinder.app; sourceTree = BUILT_PRODUCTS_DIR; };
		366502092AB068480081142F /* DeviceScanFinderApp.swift */ = {isa = PBXFileReference; lastKnownFileType = sourcecode.swift; path = DeviceScanFinderApp.swift; sourceTree = "<group>"; };
		3665020B2AB068480081142F /* ContentView.swift */ = {isa = PBXFileReference; lastKnownFileType = sourcecode.swift; path = ContentView.swift; sourceTree = "<group>"; };
		3665020D2AB0684A0081142F /* Assets.xcassets */ = {isa = PBXFileReference; lastKnownFileType = folder.assetcatalog; path = Assets.xcassets; sourceTree = "<group>"; };
		366502102AB0684A0081142F /* Preview Assets.xcassets */ = {isa = PBXFileReference; lastKnownFileType = folder.assetcatalog; path = "Preview Assets.xcassets"; sourceTree = "<group>"; };
		366502172AB068920081142F /* OnboardingView.swift */ = {isa = PBXFileReference; lastKnownFileType = sourcecode.swift; path = OnboardingView.swift; sourceTree = "<group>"; };
		3665021C2AB09E1C0081142F /* Rubik-Regular.ttf */ = {isa = PBXFileReference; lastKnownFileType = file; path = "Rubik-Regular.ttf"; sourceTree = "<group>"; };
		3665021D2AB09E1C0081142F /* Rubik-Medium.ttf */ = {isa = PBXFileReference; lastKnownFileType = file; path = "Rubik-Medium.ttf"; sourceTree = "<group>"; };
		3665021E2AB09E4D0081142F /* Info.plist */ = {isa = PBXFileReference; lastKnownFileType = text.plist; path = Info.plist; sourceTree = "<group>"; };
		3665021F2AB0A2810081142F /* PaywallView.swift */ = {isa = PBXFileReference; lastKnownFileType = sourcecode.swift; path = PaywallView.swift; sourceTree = "<group>"; };
		366502212AB0A82F0081142F /* CheckBoxView.swift */ = {isa = PBXFileReference; lastKnownFileType = sourcecode.swift; path = CheckBoxView.swift; sourceTree = "<group>"; };
		366502252AB0EACD0081142F /* MainAppView.swift */ = {isa = PBXFileReference; lastKnownFileType = sourcecode.swift; path = MainAppView.swift; sourceTree = "<group>"; };
		366502272AB0FE0D0081142F /* ToggleView.swift */ = {isa = PBXFileReference; lastKnownFileType = sourcecode.swift; path = ToggleView.swift; sourceTree = "<group>"; };
/* End PBXFileReference section */

/* Begin PBXFrameworksBuildPhase section */
		366502032AB068480081142F /* Frameworks */ = {
			isa = PBXFrameworksBuildPhase;
			buildActionMask = 2147483647;
			files = (
			);
			runOnlyForDeploymentPostprocessing = 0;
		};
/* End PBXFrameworksBuildPhase section */

/* Begin PBXGroup section */
		366501FD2AB068480081142F = {
			isa = PBXGroup;
			children = (
				366502082AB068480081142F /* DeviceScanFinder */,
				366502072AB068480081142F /* Products */,
			);
			sourceTree = "<group>";
		};
		366502072AB068480081142F /* Products */ = {
			isa = PBXGroup;
			children = (
				366502062AB068480081142F /* DeviceScanFinder.app */,
			);
			name = Products;
			sourceTree = "<group>";
		};
		366502082AB068480081142F /* DeviceScanFinder */ = {
			isa = PBXGroup;
			children = (
				3665021E2AB09E4D0081142F /* Info.plist */,
				366502192AB096800081142F /* Fonts */,
				366502092AB068480081142F /* DeviceScanFinderApp.swift */,
				3665020B2AB068480081142F /* ContentView.swift */,
				366502172AB068920081142F /* OnboardingView.swift */,
				3665020D2AB0684A0081142F /* Assets.xcassets */,
				3665020F2AB0684A0081142F /* Preview Content */,
				366502292AB1965B0081142F /* PayWallView */,
				3665022A2AB196710081142F /* MainAppView */,
			);
			path = DeviceScanFinder;
			sourceTree = "<group>";
		};
		3665020F2AB0684A0081142F /* Preview Content */ = {
			isa = PBXGroup;
			children = (
				366502102AB0684A0081142F /* Preview Assets.xcassets */,
			);
			path = "Preview Content";
			sourceTree = "<group>";
		};
		366502192AB096800081142F /* Fonts */ = {
			isa = PBXGroup;
			children = (
				3665021D2AB09E1C0081142F /* Rubik-Medium.ttf */,
				3665021C2AB09E1C0081142F /* Rubik-Regular.ttf */,
			);
			path = Fonts;
			sourceTree = "<group>";
		};
		366502292AB1965B0081142F /* PayWallView */ = {
			isa = PBXGroup;
			children = (
				3665021F2AB0A2810081142F /* PaywallView.swift */,
				366502212AB0A82F0081142F /* CheckBoxView.swift */,
			);
			path = PayWallView;
			sourceTree = "<group>";
		};
		3665022A2AB196710081142F /* MainAppView */ = {
			isa = PBXGroup;
			children = (
				366502252AB0EACD0081142F /* MainAppView.swift */,
				366502272AB0FE0D0081142F /* ToggleView.swift */,
			);
			path = MainAppView;
			sourceTree = "<group>";
		};
/* End PBXGroup section */

/* Begin PBXNativeTarget section */
		366502052AB068480081142F /* DeviceScanFinder */ = {
			isa = PBXNativeTarget;
			buildConfigurationList = 366502142AB0684A0081142F /* Build configuration list for PBXNativeTarget "DeviceScanFinder" */;
			buildPhases = (
				366502022AB068480081142F /* Sources */,
				366502032AB068480081142F /* Frameworks */,
				366502042AB068480081142F /* Resources */,
			);
			buildRules = (
			);
			dependencies = (
			);
			name = DeviceScanFinder;
			productName = DeviceScanFinder;
			productReference = 366502062AB068480081142F /* DeviceScanFinder.app */;
			productType = "com.apple.product-type.application";
		};
/* End PBXNativeTarget section */

/* Begin PBXProject section */
		366501FE2AB068480081142F /* Project object */ = {
			isa = PBXProject;
			attributes = {
				BuildIndependentTargetsInParallel = 1;
				LastSwiftUpdateCheck = 1430;
				LastUpgradeCheck = 1430;
				TargetAttributes = {
					366502052AB068480081142F = {
						CreatedOnToolsVersion = 14.3.1;
					};
				};
			};
			buildConfigurationList = 366502012AB068480081142F /* Build configuration list for PBXProject "DeviceScanFinder" */;
			compatibilityVersion = "Xcode 14.0";
			developmentRegion = en;
			hasScannedForEncodings = 0;
			knownRegions = (
				en,
				Base,
			);
			mainGroup = 366501FD2AB068480081142F;
			productRefGroup = 366502072AB068480081142F /* Products */;
			projectDirPath = "";
			projectRoot = "";
			targets = (
				366502052AB068480081142F /* DeviceScanFinder */,
			);
		};
/* End PBXProject section */

/* Begin PBXResourcesBuildPhase section */
		366502042AB068480081142F /* Resources */ = {
			isa = PBXResourcesBuildPhase;
			buildActionMask = 2147483647;
			files = (
				366502112AB0684A0081142F /* Preview Assets.xcassets in Resources */,
				3665020E2AB0684A0081142F /* Assets.xcassets in Resources */,
			);
			runOnlyForDeploymentPostprocessing = 0;
		};
/* End PBXResourcesBuildPhase section */

/* Begin PBXSourcesBuildPhase section */
		366502022AB068480081142F /* Sources */ = {
			isa = PBXSourcesBuildPhase;
			buildActionMask = 2147483647;
			files = (
				366502182AB068920081142F /* OnboardingView.swift in Sources */,
				366502262AB0EACD0081142F /* MainAppView.swift in Sources */,
				366502222AB0A82F0081142F /* CheckBoxView.swift in Sources */,
				366502202AB0A2810081142F /* PaywallView.swift in Sources */,
				3665020C2AB068480081142F /* ContentView.swift in Sources */,
				3665020A2AB068480081142F /* DeviceScanFinderApp.swift in Sources */,
				366502282AB0FE0E0081142F /* ToggleView.swift in Sources */,
			);
			runOnlyForDeploymentPostprocessing = 0;
		};
/* End PBXSourcesBuildPhase section */

/* Begin XCBuildConfiguration section */
		366502122AB0684A0081142F /* Debug */ = {
			isa = XCBuildConfiguration;
			buildSettings = {
				ALWAYS_SEARCH_USER_PATHS = NO;
				CLANG_ANALYZER_NONNULL = YES;
				CLANG_ANALYZER_NUMBER_OBJECT_CONVERSION = YES_AGGRESSIVE;
				CLANG_CXX_LANGUAGE_STANDARD = "gnu++20";
				CLANG_ENABLE_MODULES = YES;
				CLANG_ENABLE_OBJC_ARC = YES;
				CLANG_ENABLE_OBJC_WEAK = YES;
				CLANG_WARN_BLOCK_CAPTURE_AUTORELEASING = YES;
				CLANG_WARN_BOOL_CONVERSION = YES;
				CLANG_WARN_COMMA = YES;
				CLANG_WARN_CONSTANT_CONVERSION = YES;
				CLANG_WARN_DEPRECATED_OBJC_IMPLEMENTATIONS = YES;
				CLANG_WARN_DIRECT_OBJC_ISA_USAGE = YES_ERROR;
				CLANG_WARN_DOCUMENTATION_COMMENTS = YES;
				CLANG_WARN_EMPTY_BODY = YES;
				CLANG_WARN_ENUM_CONVERSION = YES;
				CLANG_WARN_INFINITE_RECURSION = YES;
				CLANG_WARN_INT_CONVERSION = YES;
				CLANG_WARN_NON_LITERAL_NULL_CONVERSION = YES;
				CLANG_WARN_OBJC_IMPLICIT_RETAIN_SELF = YES;
				CLANG_WARN_OBJC_LITERAL_CONVERSION = YES;
				CLANG_WARN_OBJC_ROOT_CLASS = YES_ERROR;
				CLANG_WARN_QUOTED_INCLUDE_IN_FRAMEWORK_HEADER = YES;
				CLANG_WARN_RANGE_LOOP_ANALYSIS = YES;
				CLANG_WARN_STRICT_PROTOTYPES = YES;
				CLANG_WARN_SUSPICIOUS_MOVE = YES;
				CLANG_WARN_UNGUARDED_AVAILABILITY = YES_AGGRESSIVE;
				CLANG_WARN_UNREACHABLE_CODE = YES;
				CLANG_WARN__DUPLICATE_METHOD_MATCH = YES;
				COPY_PHASE_STRIP = NO;
				DEBUG_INFORMATION_FORMAT = dwarf;
				ENABLE_STRICT_OBJC_MSGSEND = YES;
				ENABLE_TESTABILITY = YES;
				GCC_C_LANGUAGE_STANDARD = gnu11;
				GCC_DYNAMIC_NO_PIC = NO;
				GCC_NO_COMMON_BLOCKS = YES;
				GCC_OPTIMIZATION_LEVEL = 0;
				GCC_PREPROCESSOR_DEFINITIONS = (
					"DEBUG=1",
					"$(inherited)",
				);
				GCC_WARN_64_TO_32_BIT_CONVERSION = YES;
				GCC_WARN_ABOUT_RETURN_TYPE = YES_ERROR;
				GCC_WARN_UNDECLARED_SELECTOR = YES;
				GCC_WARN_UNINITIALIZED_AUTOS = YES_AGGRESSIVE;
				GCC_WARN_UNUSED_FUNCTION = YES;
				GCC_WARN_UNUSED_VARIABLE = YES;
				IPHONEOS_DEPLOYMENT_TARGET = 16.4;
				MTL_ENABLE_DEBUG_INFO = INCLUDE_SOURCE;
				MTL_FAST_MATH = YES;
				ONLY_ACTIVE_ARCH = YES;
				SDKROOT = iphoneos;
				SWIFT_ACTIVE_COMPILATION_CONDITIONS = DEBUG;
				SWIFT_OPTIMIZATION_LEVEL = "-Onone";
			};
			name = Debug;
		};
		366502132AB0684A0081142F /* Release */ = {
			isa = XCBuildConfiguration;
			buildSettings = {
				ALWAYS_SEARCH_USER_PATHS = NO;
				CLANG_ANALYZER_NONNULL = YES;
				CLANG_ANALYZER_NUMBER_OBJECT_CONVERSION = YES_AGGRESSIVE;
				CLANG_CXX_LANGUAGE_STANDARD = "gnu++20";
				CLANG_ENABLE_MODULES = YES;
				CLANG_ENABLE_OBJC_ARC = YES;
				CLANG_ENABLE_OBJC_WEAK = YES;
				CLANG_WARN_BLOCK_CAPTURE_AUTORELEASING = YES;
				CLANG_WARN_BOOL_CONVERSION = YES;
				CLANG_WARN_COMMA = YES;
				CLANG_WARN_CONSTANT_CONVERSION = YES;
				CLANG_WARN_DEPRECATED_OBJC_IMPLEMENTATIONS = YES;
				CLANG_WARN_DIRECT_OBJC_ISA_USAGE = YES_ERROR;
				CLANG_WARN_DOCUMENTATION_COMMENTS = YES;
				CLANG_WARN_EMPTY_BODY = YES;
				CLANG_WARN_ENUM_CONVERSION = YES;
				CLANG_WARN_INFINITE_RECURSION = YES;
				CLANG_WARN_INT_CONVERSION = YES;
				CLANG_WARN_NON_LITERAL_NULL_CONVERSION = YES;
				CLANG_WARN_OBJC_IMPLICIT_RETAIN_SELF = YES;
				CLANG_WARN_OBJC_LITERAL_CONVERSION = YES;
				CLANG_WARN_OBJC_ROOT_CLASS = YES_ERROR;
				CLANG_WARN_QUOTED_INCLUDE_IN_FRAMEWORK_HEADER = YES;
				CLANG_WARN_RANGE_LOOP_ANALYSIS = YES;
				CLANG_WARN_STRICT_PROTOTYPES = YES;
				CLANG_WARN_SUSPICIOUS_MOVE = YES;
				CLANG_WARN_UNGUARDED_AVAILABILITY = YES_AGGRESSIVE;
				CLANG_WARN_UNREACHABLE_CODE = YES;
				CLANG_WARN__DUPLICATE_METHOD_MATCH = YES;
				COPY_PHASE_STRIP = NO;
				DEBUG_INFORMATION_FORMAT = "dwarf-with-dsym";
				ENABLE_NS_ASSERTIONS = NO;
				ENABLE_STRICT_OBJC_MSGSEND = YES;
				GCC_C_LANGUAGE_STANDARD = gnu11;
				GCC_NO_COMMON_BLOCKS = YES;
				GCC_WARN_64_TO_32_BIT_CONVERSION = YES;
				GCC_WARN_ABOUT_RETURN_TYPE = YES_ERROR;
				GCC_WARN_UNDECLARED_SELECTOR = YES;
				GCC_WARN_UNINITIALIZED_AUTOS = YES_AGGRESSIVE;
				GCC_WARN_UNUSED_FUNCTION = YES;
				GCC_WARN_UNUSED_VARIABLE = YES;
				IPHONEOS_DEPLOYMENT_TARGET = 16.4;
				MTL_ENABLE_DEBUG_INFO = NO;
				MTL_FAST_MATH = YES;
				SDKROOT = iphoneos;
				SWIFT_COMPILATION_MODE = wholemodule;
				SWIFT_OPTIMIZATION_LEVEL = "-O";
				VALIDATE_PRODUCT = YES;
			};
			name = Release;
		};
		366502152AB0684A0081142F /* Debug */ = {
			isa = XCBuildConfiguration;
			buildSettings = {
				ASSETCATALOG_COMPILER_APPICON_NAME = AppIcon;
				ASSETCATALOG_COMPILER_GLOBAL_ACCENT_COLOR_NAME = AccentColor;
				CODE_SIGN_STYLE = Automatic;
				CURRENT_PROJECT_VERSION = 1;
				DEVELOPMENT_ASSET_PATHS = "\"DeviceScanFinder/Preview Content\"";
				DEVELOPMENT_TEAM = CJ7JF497NG;
				ENABLE_PREVIEWS = YES;
				GENERATE_INFOPLIST_FILE = YES;
				INFOPLIST_FILE = DeviceScanFinder/Info.plist;
				INFOPLIST_KEY_UIApplicationSceneManifest_Generation = YES;
				INFOPLIST_KEY_UIApplicationSupportsIndirectInputEvents = YES;
				INFOPLIST_KEY_UILaunchScreen_Generation = YES;
				INFOPLIST_KEY_UISupportedInterfaceOrientations_iPad = "UIInterfaceOrientationPortrait UIInterfaceOrientationPortraitUpsideDown UIInterfaceOrientationLandscapeLeft UIInterfaceOrientationLandscapeRight";
				INFOPLIST_KEY_UISupportedInterfaceOrientations_iPhone = "UIInterfaceOrientationPortrait UIInterfaceOrientationLandscapeLeft UIInterfaceOrientationLandscapeRight";
				IPHONEOS_DEPLOYMENT_TARGET = 14.0;
				LD_RUNPATH_SEARCH_PATHS = (
					"$(inherited)",
					"@executable_path/Frameworks",
				);
				MARKETING_VERSION = 1.0;
				PRODUCT_BUNDLE_IDENTIFIER = com.nnv.DeviceScanFinder;
				PRODUCT_NAME = "$(TARGET_NAME)";
				SWIFT_EMIT_LOC_STRINGS = YES;
				SWIFT_VERSION = 5.0;
				TARGETED_DEVICE_FAMILY = "1,2";
			};
			name = Debug;
		};
		366502162AB0684A0081142F /* Release */ = {
			isa = XCBuildConfiguration;
			buildSettings = {
				ASSETCATALOG_COMPILER_APPICON_NAME = AppIcon;
				ASSETCATALOG_COMPILER_GLOBAL_ACCENT_COLOR_NAME = AccentColor;
				CODE_SIGN_STYLE = Automatic;
				CURRENT_PROJECT_VERSION = 1;
				DEVELOPMENT_ASSET_PATHS = "\"DeviceScanFinder/Preview Content\"";
				DEVELOPMENT_TEAM = CJ7JF497NG;
				ENABLE_PREVIEWS = YES;
				GENERATE_INFOPLIST_FILE = YES;
				INFOPLIST_FILE = DeviceScanFinder/Info.plist;
				INFOPLIST_KEY_UIApplicationSceneManifest_Generation = YES;
				INFOPLIST_KEY_UIApplicationSupportsIndirectInputEvents = YES;
				INFOPLIST_KEY_UILaunchScreen_Generation = YES;
				INFOPLIST_KEY_UISupportedInterfaceOrientations_iPad = "UIInterfaceOrientationPortrait UIInterfaceOrientationPortraitUpsideDown UIInterfaceOrientationLandscapeLeft UIInterfaceOrientationLandscapeRight";
				INFOPLIST_KEY_UISupportedInterfaceOrientations_iPhone = "UIInterfaceOrientationPortrait UIInterfaceOrientationLandscapeLeft UIInterfaceOrientationLandscapeRight";
				IPHONEOS_DEPLOYMENT_TARGET = 14.0;
				LD_RUNPATH_SEARCH_PATHS = (
					"$(inherited)",
					"@executable_path/Frameworks",
				);
				MARKETING_VERSION = 1.0;
				PRODUCT_BUNDLE_IDENTIFIER = com.nnv.DeviceScanFinder;
				PRODUCT_NAME = "$(TARGET_NAME)";
				SWIFT_EMIT_LOC_STRINGS = YES;
				SWIFT_VERSION = 5.0;
				TARGETED_DEVICE_FAMILY = "1,2";
			};
			name = Release;
		};
/* End XCBuildConfiguration section */

/* Begin XCConfigurationList section */
		366502012AB068480081142F /* Build configuration list for PBXProject "DeviceScanFinder" */ = {
			isa = XCConfigurationList;
			buildConfigurations = (
				366502122AB0684A0081142F /* Debug */,
				366502132AB0684A0081142F /* Release */,
			);
			defaultConfigurationIsVisible = 0;
			defaultConfigurationName = Release;
		};
		366502142AB0684A0081142F /* Build configuration list for PBXNativeTarget "DeviceScanFinder" */ = {
			isa = XCConfigurationList;
			buildConfigurations = (
				366502152AB0684A0081142F /* Debug */,
				366502162AB0684A0081142F /* Release */,
			);
			defaultConfigurationIsVisible = 0;
			defaultConfigurationName = Release;
		};
/* End XCConfigurationList section */
	};
	rootObject = 366501FE2AB068480081142F /* Project object */;
}
